{
  "name": "homework3-1",
  "lockfileVersion": 2,
  "requires": true,
  "packages": {
    "": {
      "dependencies": {
        "@yashchenkov/homework3": "^1.0.0"
      }
    },
    "node_modules/@yashchenkov/homework3": {
      "version": "1.0.0",
      "resolved": "https://npm.pkg.github.com/download/@yashchenkov/homework3/1.0.0/65db6b297530d7228460835256ad84246ded164264d6babdef339629f8328289",
      "integrity": "sha512-Ah4xnsNLftT9Hyis2mQwq2VvyYecuhfJ3fNRvmSR3h6fk/ZRy4FflX8x0lwS4vnM0CWlNy1LffgNbhZiy+LFsg==",
      "license": "ISC"
    }
  },
  "dependencies": {
    "@yashchenkov/homework3": {
      "version": "1.0.0",
      "resolved": "https://npm.pkg.github.com/download/@yashchenkov/homework3/1.0.0/65db6b297530d7228460835256ad84246ded164264d6babdef339629f8328289",
      "integrity": "sha512-Ah4xnsNLftT9Hyis2mQwq2VvyYecuhfJ3fNRvmSR3h6fk/ZRy4FflX8x0lwS4vnM0CWlNy1LffgNbhZiy+LFsg=="
    }
  }
}
